summary: flock(1) locks files
webpage: https://github.com/discoteq/flock
version: 0.4.0
bin-url: https://github.com/fpliu1214/uppm-package-repository-android-29-aarch64/releases/download/2024.09.09/flock-0.4.0-android-29-arm64-v8a.tar.xz
bin-sha: 9c187dcbc51ed882366dd17957ed5fc962047cb78a1d7e00753e33c908614729
