summary: flock(1) locks files
webpage: https://github.com/discoteq/flock
version: 0.4.0
bin-url: https://github.com/fpliu1214/uppm-package-repository-android-29-aarch64/releases/download/2024.05.05/flock-0.4.0-android-29-arm64-v8a.tar.xz
bin-sha: 0c65aa87b2c34d0a5bf23dc0075aadfbc300a60fb3f6f86c689442a814f30c13
